// !$*UTF8*$!
{
	archiveVersion = 1;
	classes = {
	};
	objectVersion = 46;
	objects = {

/* Begin PBXBuildFile section */
		752F875ACB39BA3C592DCB33 /* libPods.a in Frameworks */ = {isa = PBXBuildFile; fileRef = 8945FF04BF5477FAEAE22F66 /* libPods.a */; };
		F002E0121B8371BF00633248 /* ZXTag.m in Sources */ = {isa = PBXBuildFile; fileRef = F002E0111B8371BF00633248 /* ZXTag.m */; };
		F002E08A1B837D2900633248 /* ZXTagCell.m in Sources */ = {isa = PBXBuildFile; fileRef = F002E0881B837D2900633248 /* ZXTagCell.m */; };
		F002E08B1B837D2900633248 /* ZXTagCell.xib in Resources */ = {isa = PBXBuildFile; fileRef = F002E0891B837D2900633248 /* ZXTagCell.xib */; };
		F002E0901B83852300633248 /* UIImage+XMGExtension.m in Sources */ = {isa = PBXBuildFile; fileRef = F002E08D1B83852300633248 /* UIImage+XMGExtension.m */; };
		F002E0911B83852300633248 /* UIImageView+XMGExtension.m in Sources */ = {isa = PBXBuildFile; fileRef = F002E08F1B83852300633248 /* UIImageView+XMGExtension.m */; };
		F0144AD31B8222D200CBDD84 /* ZXTabBar.m in Sources */ = {isa = PBXBuildFile; fileRef = F0144AD21B8222D200CBDD84 /* ZXTabBar.m */; };
		F0144AD91B82295D00CBDD84 /* UIBarButtonItem+XMGExtension.m in Sources */ = {isa = PBXBuildFile; fileRef = F0144AD61B82295D00CBDD84 /* UIBarButtonItem+XMGExtension.m */; };
		F0144ADA1B82295D00CBDD84 /* UIView+XMGExtension.m in Sources */ = {isa = PBXBuildFile; fileRef = F0144AD81B82295D00CBDD84 /* UIView+XMGExtension.m */; };
		F0144ADE1B83365A00CBDD84 /* ZXSettingViewController.m in Sources */ = {isa = PBXBuildFile; fileRef = F0144ADD1B83365A00CBDD84 /* ZXSettingViewController.m */; };
		F0144AE11B8342AD00CBDD84 /* ZXTagViewController.m in Sources */ = {isa = PBXBuildFile; fileRef = F0144AE01B8342AD00CBDD84 /* ZXTagViewController.m */; };
		F0822F0F1B7F60070090BC97 /* main.m in Sources */ = {isa = PBXBuildFile; fileRef = F0822F0E1B7F60070090BC97 /* main.m */; };
		F0822F1A1B7F60070090BC97 /* Images.xcassets in Resources */ = {isa = PBXBuildFile; fileRef = F0822F191B7F60070090BC97 /* Images.xcassets */; };
		F0822F291B7F60070090BC97 /* _____Tests.m in Sources */ = {isa = PBXBuildFile; fileRef = F0822F281B7F60070090BC97 /* _____Tests.m */; };
		F0822F841B7F66170090BC97 /* AppDelegate.m in Sources */ = {isa = PBXBuildFile; fileRef = F0822F811B7F66170090BC97 /* AppDelegate.m */; };
		F0822F871B7F66DB0090BC97 /* ZXTabBarController.m in Sources */ = {isa = PBXBuildFile; fileRef = F0822F861B7F66DB0090BC97 /* ZXTabBarController.m */; };
		F0822F8A1B8094A10090BC97 /* ZXNavigationController.m in Sources */ = {isa = PBXBuildFile; fileRef = F0822F891B8094A10090BC97 /* ZXNavigationController.m */; };
		F0822F8D1B8094E30090BC97 /* ZXEssenceViewController.m in Sources */ = {isa = PBXBuildFile; fileRef = F0822F8C1B8094E30090BC97 /* ZXEssenceViewController.m */; };
		F0848B8F1B8391F600391395 /* ZXFriendTrendsViewController.xib in Resources */ = {isa = PBXBuildFile; fileRef = F0848B8E1B8391F600391395 /* ZXFriendTrendsViewController.xib */; };
		F0848B931B8393B100391395 /* ZXLoginRegisterViewController.m in Sources */ = {isa = PBXBuildFile; fileRef = F0848B911B8393B100391395 /* ZXLoginRegisterViewController.m */; };
		F0848B941B8393B100391395 /* ZXLoginRegisterViewController.xib in Resources */ = {isa = PBXBuildFile; fileRef = F0848B921B8393B100391395 /* ZXLoginRegisterViewController.xib */; };
		F0848B9A1B849D8000391395 /* ZXLoginRegisterButton.m in Sources */ = {isa = PBXBuildFile; fileRef = F0848B991B849D8000391395 /* ZXLoginRegisterButton.m */; };
		F09AA8A51B80AC5700F3A7A8 /* ZXNewViewController.m in Sources */ = {isa = PBXBuildFile; fileRef = F09AA8A41B80AC5700F3A7A8 /* ZXNewViewController.m */; };
		F09AA8A81B80AE5700F3A7A8 /* ZXFriendTrendsViewController.m in Sources */ = {isa = PBXBuildFile; fileRef = F09AA8A71B80AE5700F3A7A8 /* ZXFriendTrendsViewController.m */; };
		F09AA8AB1B80AE7300F3A7A8 /* ZXMeViewController.m in Sources */ = {isa = PBXBuildFile; fileRef = F09AA8AA1B80AE7300F3A7A8 /* ZXMeViewController.m */; };
/* End PBXBuildFile section */

/* Begin PBXContainerItemProxy section */
		F0822F231B7F60070090BC97 /* PBXContainerItemProxy */ = {
			isa = PBXContainerItemProxy;
			containerPortal = F0822F011B7F60070090BC97 /* Project object */;
			proxyType = 1;
			remoteGlobalIDString = F0822F081B7F60070090BC97;
			remoteInfo = "百思不得姐";
		};
/* End PBXContainerItemProxy section */

/* Begin PBXFileReference section */
		49F3BBC0ABBD0257DD079816 /* Pods.release.xcconfig */ = {isa = PBXFileReference; includeInIndex = 1; lastKnownFileType = text.xcconfig; name = Pods.release.xcconfig; path = "Pods/Target Support Files/Pods/Pods.release.xcconfig"; sourceTree = "<group>"; };
		8945FF04BF5477FAEAE22F66 /* libPods.a */ = {isa = PBXFileReference; explicitFileType = archive.ar; includeInIndex = 0; path = libPods.a; sourceTree = BUILT_PRODUCTS_DIR; };
		D8C919CC6BCC8BB3FD995CCC /* Pods.debug.xcconfig */ = {isa = PBXFileReference; includeInIndex = 1; lastKnownFileType = text.xcconfig; name = Pods.debug.xcconfig; path = "Pods/Target Support Files/Pods/Pods.debug.xcconfig"; sourceTree = "<group>"; };
		F002E0101B8371BF00633248 /* ZXTag.h */ = {isa = PBXFileReference; fileEncoding = 4; lastKnownFileType = sourcecode.c.h; name = ZXTag.h; path = "百思不得姐/Classes/Essence-精华/Model/ZXTag.h"; sourceTree = SOURCE_ROOT; };
		F002E0111B8371BF00633248 /* ZXTag.m */ = {isa = PBXFileReference; fileEncoding = 4; lastKnownFileType = sourcecode.c.objc; name = ZXTag.m; path = "百思不得姐/Classes/Essence-精华/Model/ZXTag.m"; sourceTree = SOURCE_ROOT; };
		F002E0871B837D2900633248 /* ZXTagCell.h */ = {isa = PBXFileReference; fileEncoding = 4; lastKnownFileType = sourcecode.c.h; path = ZXTagCell.h; sourceTree = "<group>"; };
		F002E0881B837D2900633248 /* ZXTagCell.m */ = {isa = PBXFileReference; fileEncoding = 4; lastKnownFileType = sourcecode.c.objc; path = ZXTagCell.m; sourceTree = "<group>"; };
		F002E0891B837D2900633248 /* ZXTagCell.xib */ = {isa = PBXFileReference; fileEncoding = 4; lastKnownFileType = file.xib; path = ZXTagCell.xib; sourceTree = "<group>"; };
		F002E08C1B83852300633248 /* UIImage+XMGExtension.h */ = {isa = PBXFileReference; fileEncoding = 4; lastKnownFileType = sourcecode.c.h; path = "UIImage+XMGExtension.h"; sourceTree = "<group>"; };
		F002E08D1B83852300633248 /* UIImage+XMGExtension.m */ = {isa = PBXFileReference; fileEncoding = 4; lastKnownFileType = sourcecode.c.objc; path = "UIImage+XMGExtension.m"; sourceTree = "<group>"; };
		F002E08E1B83852300633248 /* UIImageView+XMGExtension.h */ = {isa = PBXFileReference; fileEncoding = 4; lastKnownFileType = sourcecode.c.h; path = "UIImageView+XMGExtension.h"; sourceTree = "<group>"; };
		F002E08F1B83852300633248 /* UIImageView+XMGExtension.m */ = {isa = PBXFileReference; fileEncoding = 4; lastKnownFileType = sourcecode.c.objc; path = "UIImageView+XMGExtension.m"; sourceTree = "<group>"; };
		F0144AD11B8222D200CBDD84 /* ZXTabBar.h */ = {isa = PBXFileReference; fileEncoding = 4; lastKnownFileType = sourcecode.c.h; path = ZXTabBar.h; sourceTree = "<group>"; };
		F0144AD21B8222D200CBDD84 /* ZXTabBar.m */ = {isa = PBXFileReference; fileEncoding = 4; lastKnownFileType = sourcecode.c.objc; path = ZXTabBar.m; sourceTree = "<group>"; };
		F0144AD51B82295D00CBDD84 /* UIBarButtonItem+XMGExtension.h */ = {isa = PBXFileReference; fileEncoding = 4; lastKnownFileType = sourcecode.c.h; path = "UIBarButtonItem+XMGExtension.h"; sourceTree = "<group>"; };
		F0144AD61B82295D00CBDD84 /* UIBarButtonItem+XMGExtension.m */ = {isa = PBXFileReference; fileEncoding = 4; lastKnownFileType = sourcecode.c.objc; path = "UIBarButtonItem+XMGExtension.m"; sourceTree = "<group>"; };
		F0144AD71B82295D00CBDD84 /* UIView+XMGExtension.h */ = {isa = PBXFileReference; fileEncoding = 4; lastKnownFileType = sourcecode.c.h; path = "UIView+XMGExtension.h"; sourceTree = "<group>"; };
		F0144AD81B82295D00CBDD84 /* UIView+XMGExtension.m */ = {isa = PBXFileReference; fileEncoding = 4; lastKnownFileType = sourcecode.c.objc; path = "UIView+XMGExtension.m"; sourceTree = "<group>"; };
		F0144ADB1B831DA100CBDD84 /* PrefixHeader.pch */ = {isa = PBXFileReference; fileEncoding = 4; lastKnownFileType = sourcecode.c.h; path = PrefixHeader.pch; sourceTree = "<group>"; };
		F0144ADC1B83365A00CBDD84 /* ZXSettingViewController.h */ = {isa = PBXFileReference; fileEncoding = 4; lastKnownFileType = sourcecode.c.h; path = ZXSettingViewController.h; sourceTree = "<group>"; };
		F0144ADD1B83365A00CBDD84 /* ZXSettingViewController.m */ = {isa = PBXFileReference; fileEncoding = 4; lastKnownFileType = sourcecode.c.objc; path = ZXSettingViewController.m; sourceTree = "<group>"; };
		F0144ADF1B8342AD00CBDD84 /* ZXTagViewController.h */ = {isa = PBXFileReference; fileEncoding = 4; lastKnownFileType = sourcecode.c.h; path = ZXTagViewController.h; sourceTree = "<group>"; };
		F0144AE01B8342AD00CBDD84 /* ZXTagViewController.m */ = {isa = PBXFileReference; fileEncoding = 4; lastKnownFileType = sourcecode.c.objc; path = ZXTagViewController.m; sourceTree = "<group>"; };
		F0822F091B7F60070090BC97 /* 百思不得姐.app */ = {isa = PBXFileReference; explicitFileType = wrapper.application; includeInIndex = 0; path = "百思不得姐.app"; sourceTree = BUILT_PRODUCTS_DIR; };
		F0822F0D1B7F60070090BC97 /* Info.plist */ = {isa = PBXFileReference; lastKnownFileType = text.plist.xml; path = Info.plist; sourceTree = "<group>"; };
		F0822F0E1B7F60070090BC97 /* main.m */ = {isa = PBXFileReference; lastKnownFileType = sourcecode.c.objc; path = main.m; sourceTree = "<group>"; };
		F0822F191B7F60070090BC97 /* Images.xcassets */ = {isa = PBXFileReference; lastKnownFileType = folder.assetcatalog; path = Images.xcassets; sourceTree = "<group>"; };
		F0822F221B7F60070090BC97 /* 百思不得姐Tests.xctest */ = {isa = PBXFileReference; explicitFileType = wrapper.cfbundle; includeInIndex = 0; path = "百思不得姐Tests.xctest"; sourceTree = BUILT_PRODUCTS_DIR; };
		F0822F271B7F60070090BC97 /* Info.plist */ = {isa = PBXFileReference; lastKnownFileType = text.plist.xml; path = Info.plist; sourceTree = "<group>"; };
		F0822F281B7F60070090BC97 /* _____Tests.m */ = {isa = PBXFileReference; lastKnownFileType = sourcecode.c.objc; path = "_____Tests.m"; sourceTree = "<group>"; };
		F0822F801B7F66170090BC97 /* AppDelegate.h */ = {isa = PBXFileReference; fileEncoding = 4; lastKnownFileType = sourcecode.c.h; path = AppDelegate.h; sourceTree = "<group>"; };
		F0822F811B7F66170090BC97 /* AppDelegate.m */ = {isa = PBXFileReference; fileEncoding = 4; lastKnownFileType = sourcecode.c.objc; path = AppDelegate.m; sourceTree = "<group>"; };
		F0822F851B7F66DB0090BC97 /* ZXTabBarController.h */ = {isa = PBXFileReference; fileEncoding = 4; lastKnownFileType = sourcecode.c.h; path = ZXTabBarController.h; sourceTree = "<group>"; };
		F0822F861B7F66DB0090BC97 /* ZXTabBarController.m */ = {isa = PBXFileReference; fileEncoding = 4; lastKnownFileType = sourcecode.c.objc; path = ZXTabBarController.m; sourceTree = "<group>"; };
		F0822F881B8094A10090BC97 /* ZXNavigationController.h */ = {isa = PBXFileReference; fileEncoding = 4; lastKnownFileType = sourcecode.c.h; path = ZXNavigationController.h; sourceTree = "<group>"; };
		F0822F891B8094A10090BC97 /* ZXNavigationController.m */ = {isa = PBXFileReference; fileEncoding = 4; lastKnownFileType = sourcecode.c.objc; path = ZXNavigationController.m; sourceTree = "<group>"; };
		F0822F8B1B8094E30090BC97 /* ZXEssenceViewController.h */ = {isa = PBXFileReference; fileEncoding = 4; lastKnownFileType = sourcecode.c.h; path = ZXEssenceViewController.h; sourceTree = "<group>"; };
		F0822F8C1B8094E30090BC97 /* ZXEssenceViewController.m */ = {isa = PBXFileReference; fileEncoding = 4; lastKnownFileType = sourcecode.c.objc; path = ZXEssenceViewController.m; sourceTree = "<group>"; };
		F0848B8E1B8391F600391395 /* ZXFriendTrendsViewController.xib */ = {isa = PBXFileReference; fileEncoding = 4; lastKnownFileType = file.xib; path = ZXFriendTrendsViewController.xib; sourceTree = "<group>"; };
		F0848B901B8393B100391395 /* ZXLoginRegisterViewController.h */ = {isa = PBXFileReference; fileEncoding = 4; lastKnownFileType = sourcecode.c.h; path = ZXLoginRegisterViewController.h; sourceTree = "<group>"; };
		F0848B911B8393B100391395 /* ZXLoginRegisterViewController.m */ = {isa = PBXFileReference; fileEncoding = 4; lastKnownFileType = sourcecode.c.objc; path = ZXLoginRegisterViewController.m; sourceTree = "<group>"; };
		F0848B921B8393B100391395 /* ZXLoginRegisterViewController.xib */ = {isa = PBXFileReference; fileEncoding = 4; lastKnownFileType = file.xib; path = ZXLoginRegisterViewController.xib; sourceTree = "<group>"; };
		F0848B981B849D8000391395 /* ZXLoginRegisterButton.h */ = {isa = PBXFileReference; fileEncoding = 4; lastKnownFileType = sourcecode.c.h; path = ZXLoginRegisterButton.h; sourceTree = "<group>"; };
		F0848B991B849D8000391395 /* ZXLoginRegisterButton.m */ = {isa = PBXFileReference; fileEncoding = 4; lastKnownFileType = sourcecode.c.objc; path = ZXLoginRegisterButton.m; sourceTree = "<group>"; };
		F09AA8A31B80AC5700F3A7A8 /* ZXNewViewController.h */ = {isa = PBXFileReference; fileEncoding = 4; lastKnownFileType = sourcecode.c.h; path = ZXNewViewController.h; sourceTree = "<group>"; };
		F09AA8A41B80AC5700F3A7A8 /* ZXNewViewController.m */ = {isa = PBXFileReference; fileEncoding = 4; lastKnownFileType = sourcecode.c.objc; path = ZXNewViewController.m; sourceTree = "<group>"; };
		F09AA8A61B80AE5700F3A7A8 /* ZXFriendTrendsViewController.h */ = {isa = PBXFileReference; fileEncoding = 4; lastKnownFileType = sourcecode.c.h; path = ZXFriendTrendsViewController.h; sourceTree = "<group>"; };
		F09AA8A71B80AE5700F3A7A8 /* ZXFriendTrendsViewController.m */ = {isa = PBXFileReference; fileEncoding = 4; lastKnownFileType = sourcecode.c.objc; path = ZXFriendTrendsViewController.m; sourceTree = "<group>"; };
		F09AA8A91B80AE7300F3A7A8 /* ZXMeViewController.h */ = {isa = PBXFileReference; fileEncoding = 4; lastKnownFileType = sourcecode.c.h; path = ZXMeViewController.h; sourceTree = "<group>"; };
		F09AA8AA1B80AE7300F3A7A8 /* ZXMeViewController.m */ = {isa = PBXFileReference; fileEncoding = 4; lastKnownFileType = sourcecode.c.objc; path = ZXMeViewController.m; sourceTree = "<group>"; };
/* End PBXFileReference section */

/* Begin PBXFrameworksBuildPhase section */
		F0822F061B7F60070090BC97 /* Frameworks */ = {
			isa = PBXFrameworksBuildPhase;
			buildActionMask = 2147483647;
			files = (
				752F875ACB39BA3C592DCB33 /* libPods.a in Frameworks */,
			);
			runOnlyForDeploymentPostprocessing = 0;
		};
		F0822F1F1B7F60070090BC97 /* Frameworks */ = {
			isa = PBXFrameworksBuildPhase;
			buildActionMask = 2147483647;
			files = (
			);
			runOnlyForDeploymentPostprocessing = 0;
		};
/* End PBXFrameworksBuildPhase section */

/* Begin PBXGroup section */
		6FEEF83F24CA34C33F5EBC48 /* Pods */ = {
			isa = PBXGroup;
			children = (
				D8C919CC6BCC8BB3FD995CCC /* Pods.debug.xcconfig */,
				49F3BBC0ABBD0257DD079816 /* Pods.release.xcconfig */,
			);
			name = Pods;
			sourceTree = "<group>";
		};
		721E38BBCFB7E1BE51586FD3 /* Frameworks */ = {
			isa = PBXGroup;
			children = (
				8945FF04BF5477FAEAE22F66 /* libPods.a */,
			);
			name = Frameworks;
			sourceTree = "<group>";
		};
		F0144AD01B8222A000CBDD84 /* View */ = {
			isa = PBXGroup;
			children = (
				F0144AD11B8222D200CBDD84 /* ZXTabBar.h */,
				F0144AD21B8222D200CBDD84 /* ZXTabBar.m */,
			);
			path = View;
			sourceTree = "<group>";
		};
		F0144AD41B82295D00CBDD84 /* Category */ = {
			isa = PBXGroup;
			children = (
				F002E08C1B83852300633248 /* UIImage+XMGExtension.h */,
				F002E08D1B83852300633248 /* UIImage+XMGExtension.m */,
				F002E08E1B83852300633248 /* UIImageView+XMGExtension.h */,
				F002E08F1B83852300633248 /* UIImageView+XMGExtension.m */,
				F0144AD51B82295D00CBDD84 /* UIBarButtonItem+XMGExtension.h */,
				F0144AD61B82295D00CBDD84 /* UIBarButtonItem+XMGExtension.m */,
				F0144AD71B82295D00CBDD84 /* UIView+XMGExtension.h */,
				F0144AD81B82295D00CBDD84 /* UIView+XMGExtension.m */,
			);
			path = Category;
			sourceTree = "<group>";
		};
		F0822F001B7F60070090BC97 = {
			isa = PBXGroup;
			children = (
				F0822F0B1B7F60070090BC97 /* 百思不得姐 */,
				F0822F251B7F60070090BC97 /* 百思不得姐Tests */,
				F0822F0A1B7F60070090BC97 /* Products */,
				6FEEF83F24CA34C33F5EBC48 /* Pods */,
				721E38BBCFB7E1BE51586FD3 /* Frameworks */,
			);
			sourceTree = "<group>";
		};
		F0822F0A1B7F60070090BC97 /* Products */ = {
			isa = PBXGroup;
			children = (
				F0822F091B7F60070090BC97 /* 百思不得姐.app */,
				F0822F221B7F60070090BC97 /* 百思不得姐Tests.xctest */,
			);
			name = Products;
			sourceTree = "<group>";
		};
		F0822F0B1B7F60070090BC97 /* 百思不得姐 */ = {
			isa = PBXGroup;
			children = (
				F0822F6E1B7F66170090BC97 /* Classes */,
				F0822F191B7F60070090BC97 /* Images.xcassets */,
				F0822F0C1B7F60070090BC97 /* Supporting Files */,
			);
			path = "百思不得姐";
			sourceTree = "<group>";
		};
		F0822F0C1B7F60070090BC97 /* Supporting Files */ = {
			isa = PBXGroup;
			children = (
				F0822F0D1B7F60070090BC97 /* Info.plist */,
				F0822F0E1B7F60070090BC97 /* main.m */,
			);
			name = "Supporting Files";
			sourceTree = "<group>";
		};
		F0822F251B7F60070090BC97 /* 百思不得姐Tests */ = {
			isa = PBXGroup;
			children = (
				F0822F281B7F60070090BC97 /* _____Tests.m */,
				F0822F261B7F60070090BC97 /* Supporting Files */,
			);
			path = "百思不得姐Tests";
			sourceTree = "<group>";
		};
		F0822F261B7F60070090BC97 /* Supporting Files */ = {
			isa = PBXGroup;
			children = (
				F0822F271B7F60070090BC97 /* Info.plist */,
			);
			name = "Supporting Files";
			sourceTree = "<group>";
		};
		F0822F6E1B7F66170090BC97 /* Classes */ = {
			isa = PBXGroup;
			children = (
				F0822F6F1B7F66170090BC97 /* Essence-精华 */,
				F0822F7B1B7F66170090BC97 /* New-新帖 */,
				F0822F731B7F66170090BC97 /* FriendTrends-关注 */,
				F0822F771B7F66170090BC97 /* Me-我 */,
				F0822F7F1B7F66170090BC97 /* Other-其他 */,
			);
			path = Classes;
			sourceTree = "<group>";
		};
		F0822F6F1B7F66170090BC97 /* Essence-精华 */ = {
			isa = PBXGroup;
			children = (
				F0822F701B7F66170090BC97 /* Controller */,
				F0822F711B7F66170090BC97 /* Model */,
				F0822F721B7F66170090BC97 /* View */,
			);
			path = "Essence-精华";
			sourceTree = "<group>";
		};
		F0822F701B7F66170090BC97 /* Controller */ = {
			isa = PBXGroup;
			children = (
				F0822F8B1B8094E30090BC97 /* ZXEssenceViewController.h */,
				F0822F8C1B8094E30090BC97 /* ZXEssenceViewController.m */,
				F0144ADF1B8342AD00CBDD84 /* ZXTagViewController.h */,
				F0144AE01B8342AD00CBDD84 /* ZXTagViewController.m */,
			);
			path = Controller;
			sourceTree = "<group>";
		};
		F0822F711B7F66170090BC97 /* Model */ = {
			isa = PBXGroup;
			children = (
				F002E0101B8371BF00633248 /* ZXTag.h */,
				F002E0111B8371BF00633248 /* ZXTag.m */,
			);
			path = Model;
			sourceTree = "<group>";
		};
		F0822F721B7F66170090BC97 /* View */ = {
			isa = PBXGroup;
			children = (
				F002E0871B837D2900633248 /* ZXTagCell.h */,
				F002E0881B837D2900633248 /* ZXTagCell.m */,
				F002E0891B837D2900633248 /* ZXTagCell.xib */,
			);
			path = View;
			sourceTree = "<group>";
		};
		F0822F731B7F66170090BC97 /* FriendTrends-关注 */ = {
			isa = PBXGroup;
			children = (
				F0822F741B7F66170090BC97 /* Controller */,
				F0822F751B7F66170090BC97 /* Model */,
				F0822F761B7F66170090BC97 /* View */,
			);
			path = "FriendTrends-关注";
			sourceTree = "<group>";
		};
		F0822F741B7F66170090BC97 /* Controller */ = {
			isa = PBXGroup;
			children = (
				F09AA8A61B80AE5700F3A7A8 /* ZXFriendTrendsViewController.h */,
				F09AA8A71B80AE5700F3A7A8 /* ZXFriendTrendsViewController.m */,
				F0848B8E1B8391F600391395 /* ZXFriendTrendsViewController.xib */,
				F0848B901B8393B100391395 /* ZXLoginRegisterViewController.h */,
				F0848B911B8393B100391395 /* ZXLoginRegisterViewController.m */,
				F0848B921B8393B100391395 /* ZXLoginRegisterViewController.xib */,
			);
			path = Controller;
			sourceTree = "<group>";
		};
		F0822F751B7F66170090BC97 /* Model */ = {
			isa = PBXGroup;
			children = (
			);
			path = Model;
			sourceTree = "<group>";
		};
		F0822F761B7F66170090BC97 /* View */ = {
			isa = PBXGroup;
			children = (
				F0848B981B849D8000391395 /* ZXLoginRegisterButton.h */,
				F0848B991B849D8000391395 /* ZXLoginRegisterButton.m */,
			);
			path = View;
			sourceTree = "<group>";
		};
		F0822F771B7F66170090BC97 /* Me-我 */ = {
			isa = PBXGroup;
			children = (
				F0822F781B7F66170090BC97 /* Controller */,
				F0822F791B7F66170090BC97 /* Model */,
				F0822F7A1B7F66170090BC97 /* View */,
			);
			path = "Me-我";
			sourceTree = "<group>";
		};
		F0822F781B7F66170090BC97 /* Controller */ = {
			isa = PBXGroup;
			children = (
				F09AA8A91B80AE7300F3A7A8 /* ZXMeViewController.h */,
				F09AA8AA1B80AE7300F3A7A8 /* ZXMeViewController.m */,
				F0144ADC1B83365A00CBDD84 /* ZXSettingViewController.h */,
				F0144ADD1B83365A00CBDD84 /* ZXSettingViewController.m */,
			);
			path = Controller;
			sourceTree = "<group>";
		};
		F0822F791B7F66170090BC97 /* Model */ = {
			isa = PBXGroup;
			children = (
			);
			path = Model;
			sourceTree = "<group>";
		};
		F0822F7A1B7F66170090BC97 /* View */ = {
			isa = PBXGroup;
			children = (
			);
			path = View;
			sourceTree = "<group>";
		};
		F0822F7B1B7F66170090BC97 /* New-新帖 */ = {
			isa = PBXGroup;
			children = (
				F0822F7C1B7F66170090BC97 /* Controller */,
				F0822F7D1B7F66170090BC97 /* Model */,
				F0822F7E1B7F66170090BC97 /* View */,
			);
			path = "New-新帖";
			sourceTree = "<group>";
		};
		F0822F7C1B7F66170090BC97 /* Controller */ = {
			isa = PBXGroup;
			children = (
				F09AA8A31B80AC5700F3A7A8 /* ZXNewViewController.h */,
				F09AA8A41B80AC5700F3A7A8 /* ZXNewViewController.m */,
			);
			path = Controller;
			sourceTree = "<group>";
		};
		F0822F7D1B7F66170090BC97 /* Model */ = {
			isa = PBXGroup;
			children = (
			);
			path = Model;
			sourceTree = "<group>";
		};
		F0822F7E1B7F66170090BC97 /* View */ = {
			isa = PBXGroup;
			children = (
			);
			path = View;
			sourceTree = "<group>";
		};
		F0822F7F1B7F66170090BC97 /* Other-其他 */ = {
			isa = PBXGroup;
			children = (
				F0822F801B7F66170090BC97 /* AppDelegate.h */,
				F0822F811B7F66170090BC97 /* AppDelegate.m */,
				F0144ADB1B831DA100CBDD84 /* PrefixHeader.pch */,
				F0144AD41B82295D00CBDD84 /* Category */,
				F0822F821B7F66170090BC97 /* Controller */,
				F0822F831B7F66170090BC97 /* Model */,
				F0144AD01B8222A000CBDD84 /* View */,
			);
			path = "Other-其他";
			sourceTree = "<group>";
		};
		F0822F821B7F66170090BC97 /* Controller */ = {
			isa = PBXGroup;
			children = (
				F0822F851B7F66DB0090BC97 /* ZXTabBarController.h */,
				F0822F861B7F66DB0090BC97 /* ZXTabBarController.m */,
				F0822F881B8094A10090BC97 /* ZXNavigationController.h */,
				F0822F891B8094A10090BC97 /* ZXNavigationController.m */,
			);
			path = Controller;
			sourceTree = "<group>";
		};
		F0822F831B7F66170090BC97 /* Model */ = {
			isa = PBXGroup;
			children = (
			);
			path = Model;
			sourceTree = "<group>";
		};
/* End PBXGroup section */

/* Begin PBXNativeTarget section */
		F0822F081B7F60070090BC97 /* 百思不得姐 */ = {
			isa = PBXNativeTarget;
			buildConfigurationList = F0822F2C1B7F60070090BC97 /* Build configuration list for PBXNativeTarget "百思不得姐" */;
			buildPhases = (
				0AF3046BF685100040E9D54E /* Check Pods Manifest.lock */,
				F0822F051B7F60070090BC97 /* Sources */,
				F0822F061B7F60070090BC97 /* Frameworks */,
				F0822F071B7F60070090BC97 /* Resources */,
				32CA5ACB26A372100B32C0D8 /* Copy Pods Resources */,
			);
			buildRules = (
			);
			dependencies = (
			);
			name = "百思不得姐";
			productName = "百思不得姐";
			productReference = F0822F091B7F60070090BC97 /* 百思不得姐.app */;
			productType = "com.apple.product-type.application";
		};
		F0822F211B7F60070090BC97 /* 百思不得姐Tests */ = {
			isa = PBXNativeTarget;
			buildConfigurationList = F0822F2F1B7F60070090BC97 /* Build configuration list for PBXNativeTarget "百思不得姐Tests" */;
			buildPhases = (
				F0822F1E1B7F60070090BC97 /* Sources */,
				F0822F1F1B7F60070090BC97 /* Frameworks */,
				F0822F201B7F60070090BC97 /* Resources */,
			);
			buildRules = (
			);
			dependencies = (
				F0822F241B7F60070090BC97 /* PBXTargetDependency */,
			);
			name = "百思不得姐Tests";
			productName = "百思不得姐Tests";
			productReference = F0822F221B7F60070090BC97 /* 百思不得姐Tests.xctest */;
			productType = "com.apple.product-type.bundle.unit-test";
		};
/* End PBXNativeTarget section */

/* Begin PBXProject section */
		F0822F011B7F60070090BC97 /* Project object */ = {
			isa = PBXProject;
			attributes = {
				CLASSPREFIX = ZX;
				LastUpgradeCheck = 0640;
				ORGANIZATIONNAME = "周想";
				TargetAttributes = {
					F0822F081B7F60070090BC97 = {
						CreatedOnToolsVersion = 6.4;
					};
					F0822F211B7F60070090BC97 = {
						CreatedOnToolsVersion = 6.4;
						TestTargetID = F0822F081B7F60070090BC97;
					};
				};
			};
			buildConfigurationList = F0822F041B7F60070090BC97 /* Build configuration list for PBXProject "百思不得姐" */;
			compatibilityVersion = "Xcode 3.2";
			developmentRegion = English;
			hasScannedForEncodings = 0;
			knownRegions = (
				en,
				Base,
			);
			mainGroup = F0822F001B7F60070090BC97;
			productRefGroup = F0822F0A1B7F60070090BC97 /* Products */;
			projectDirPath = "";
			projectRoot = "";
			targets = (
				F0822F081B7F60070090BC97 /* 百思不得姐 */,
				F0822F211B7F60070090BC97 /* 百思不得姐Tests */,
			);
		};
/* End PBXProject section */

/* Begin PBXResourcesBuildPhase section */
		F0822F071B7F60070090BC97 /* Resources */ = {
			isa = PBXResourcesBuildPhase;
			buildActionMask = 2147483647;
			files = (
				F0848B941B8393B100391395 /* ZXLoginRegisterViewController.xib in Resources */,
				F0848B8F1B8391F600391395 /* ZXFriendTrendsViewController.xib in Resources */,
				F002E08B1B837D2900633248 /* ZXTagCell.xib in Resources */,
				F0822F1A1B7F60070090BC97 /* Images.xcassets in Resources */,
			);
			runOnlyForDeploymentPostprocessing = 0;
		};
		F0822F201B7F60070090BC97 /* Resources */ = {
			isa = PBXResourcesBuildPhase;
			buildActionMask = 2147483647;
			files = (
			);
			runOnlyForDeploymentPostprocessing = 0;
		};
/* End PBXResourcesBuildPhase section */

/* Begin PBXShellScriptBuildPhase section */
		0AF3046BF685100040E9D54E /* Check Pods Manifest.lock */ = {
			isa = PBXShellScriptBuildPhase;
			buildActionMask = 2147483647;
			files = (
			);
			inputPaths = (
			);
			name = "Check Pods Manifest.lock";
			outputPaths = (
			);
			runOnlyForDeploymentPostprocessing = 0;
			shellPath = /bin/sh;
			shellScript = "diff \"${PODS_ROOT}/../Podfile.lock\" \"${PODS_ROOT}/Manifest.lock\" > /dev/null\nif [[ $? != 0 ]] ; then\n    cat << EOM\nerror: The sandbox is not in sync with the Podfile.lock. Run 'pod install' or update your CocoaPods installation.\nEOM\n    exit 1\nfi\n";
			showEnvVarsInLog = 0;
		};
		32CA5ACB26A372100B32C0D8 /* Copy Pods Resources */ = {
			isa = PBXShellScriptBuildPhase;
			buildActionMask = 2147483647;
			files = (
			);
			inputPaths = (
			);
			name = "Copy Pods Resources";
			outputPaths = (
			);
			runOnlyForDeploymentPostprocessing = 0;
			shellPath = /bin/sh;
			shellScript = "\"${SRCROOT}/Pods/Target Support Files/Pods/Pods-resources.sh\"\n";
			showEnvVarsInLog = 0;
		};
/* End PBXShellScriptBuildPhase section */

/* Begin PBXSourcesBuildPhase section */
		F0822F051B7F60070090BC97 /* Sources */ = {
			isa = PBXSourcesBuildPhase;
			buildActionMask = 2147483647;
			files = (
				F002E0901B83852300633248 /* UIImage+XMGExtension.m in Sources */,
				F0848B9A1B849D8000391395 /* ZXLoginRegisterButton.m in Sources */,
				F002E0121B8371BF00633248 /* ZXTag.m in Sources */,
				F0144AE11B8342AD00CBDD84 /* ZXTagViewController.m in Sources */,
				F0822F8D1B8094E30090BC97 /* ZXEssenceViewController.m in Sources */,
				F0822F871B7F66DB0090BC97 /* ZXTabBarController.m in Sources */,
				F0144AD31B8222D200CBDD84 /* ZXTabBar.m in Sources */,
				F002E08A1B837D2900633248 /* ZXTagCell.m in Sources */,
				F0144ADE1B83365A00CBDD84 /* ZXSettingViewController.m in Sources */,
				F09AA8AB1B80AE7300F3A7A8 /* ZXMeViewController.m in Sources */,
				F0822F8A1B8094A10090BC97 /* ZXNavigationController.m in Sources */,
				F09AA8A81B80AE5700F3A7A8 /* ZXFriendTrendsViewController.m in Sources */,
				F002E0911B83852300633248 /* UIImageView+XMGExtension.m in Sources */,
				F0848B931B8393B100391395 /* ZXLoginRegisterViewController.m in Sources */,
				F09AA8A51B80AC5700F3A7A8 /* ZXNewViewController.m in Sources */,
				F0144AD91B82295D00CBDD84 /* UIBarButtonItem+XMGExtension.m in Sources */,
				F0144ADA1B82295D00CBDD84 /* UIView+XMGExtension.m in Sources */,
				F0822F841B7F66170090BC97 /* AppDelegate.m in Sources */,
				F0822F0F1B7F60070090BC97 /* main.m in Sources */,
			);
			runOnlyForDeploymentPostprocessing = 0;
		};
		F0822F1E1B7F60070090BC97 /* Sources */ = {
			isa = PBXSourcesBuildPhase;
			buildActionMask = 2147483647;
			files = (
				F0822F291B7F60070090BC97 /* _____Tests.m in Sources */,
			);
			runOnlyForDeploymentPostprocessing = 0;
		};
/* End PBXSourcesBuildPhase section */

/* Begin PBXTargetDependency section */
		F0822F241B7F60070090BC97 /* PBXTargetDependency */ = {
			isa = PBXTargetDependency;
			target = F0822F081B7F60070090BC97 /* 百思不得姐 */;
			targetProxy = F0822F231B7F60070090BC97 /* PBXContainerItemProxy */;
		};
/* End PBXTargetDependency section */

/* Begin XCBuildConfiguration section */
		F0822F2A1B7F60070090BC97 /* Debug */ = {
			isa = XCBuildConfiguration;
			buildSettings = {
				ALWAYS_SEARCH_USER_PATHS = NO;
				CLANG_CXX_LANGUAGE_STANDARD = "gnu++0x";
				CLANG_CXX_LIBRARY = "libc++";
				CLANG_ENABLE_MODULES = YES;
				CLANG_ENABLE_OBJC_ARC = YES;
				CLANG_WARN_BOOL_CONVERSION = YES;
				CLANG_WARN_CONSTANT_CONVERSION = YES;
				CLANG_WARN_DIRECT_OBJC_ISA_USAGE = YES_ERROR;
				CLANG_WARN_EMPTY_BODY = YES;
				CLANG_WARN_ENUM_CONVERSION = YES;
				CLANG_WARN_INT_CONVERSION = YES;
				CLANG_WARN_OBJC_ROOT_CLASS = YES_ERROR;
				CLANG_WARN_UNREACHABLE_CODE = YES;
				CLANG_WARN__DUPLICATE_METHOD_MATCH = YES;
				"CODE_SIGN_IDENTITY[sdk=iphoneos*]" = "iPhone Developer";
				COPY_PHASE_STRIP = NO;
				DEBUG_INFORMATION_FORMAT = "dwarf-with-dsym";
				ENABLE_STRICT_OBJC_MSGSEND = YES;
				GCC_C_LANGUAGE_STANDARD = gnu99;
				GCC_DYNAMIC_NO_PIC = NO;
				GCC_NO_COMMON_BLOCKS = YES;
				GCC_OPTIMIZATION_LEVEL = 0;
				GCC_PREPROCESSOR_DEFINITIONS = (
					"DEBUG=1",
					"$(inherited)",
				);
				GCC_SYMBOLS_PRIVATE_EXTERN = NO;
				GCC_WARN_64_TO_32_BIT_CONVERSION = YES;
				GCC_WARN_ABOUT_RETURN_TYPE = YES_ERROR;
				GCC_WARN_UNDECLARED_SELECTOR = YES;
				GCC_WARN_UNINITIALIZED_AUTOS = YES_AGGRESSIVE;
				GCC_WARN_UNUSED_FUNCTION = YES;
				GCC_WARN_UNUSED_VARIABLE = YES;
				IPHONEOS_DEPLOYMENT_TARGET = 8.4;
				MTL_ENABLE_DEBUG_INFO = YES;
				ONLY_ACTIVE_ARCH = YES;
				SDKROOT = iphoneos;
			};
			name = Debug;
		};
		F0822F2B1B7F60070090BC97 /* Release */ = {
			isa = XCBuildConfiguration;
			buildSettings = {
				ALWAYS_SEARCH_USER_PATHS = NO;
				CLANG_CXX_LANGUAGE_STANDARD = "gnu++0x";
				CLANG_CXX_LIBRARY = "libc++";
				CLANG_ENABLE_MODULES = YES;
				CLANG_ENABLE_OBJC_ARC = YES;
				CLANG_WARN_BOOL_CONVERSION = YES;
				CLANG_WARN_CONSTANT_CONVERSION = YES;
				CLANG_WARN_DIRECT_OBJC_ISA_USAGE = YES_ERROR;
				CLANG_WARN_EMPTY_BODY = YES;
				CLANG_WARN_ENUM_CONVERSION = YES;
				CLANG_WARN_INT_CONVERSION = YES;
				CLANG_WARN_OBJC_ROOT_CLASS = YES_ERROR;
				CLANG_WARN_UNREACHABLE_CODE = YES;
				CLANG_WARN__DUPLICATE_METHOD_MATCH = YES;
				"CODE_SIGN_IDENTITY[sdk=iphoneos*]" = "iPhone Developer";
				COPY_PHASE_STRIP = NO;
				DEBUG_INFORMATION_FORMAT = "dwarf-with-dsym";
				ENABLE_NS_ASSERTIONS = NO;
				ENABLE_STRICT_OBJC_MSGSEND = YES;
				GCC_C_LANGUAGE_STANDARD = gnu99;
				GCC_NO_COMMON_BLOCKS = YES;
				GCC_WARN_64_TO_32_BIT_CONVERSION = YES;
				GCC_WARN_ABOUT_RETURN_TYPE = YES_ERROR;
				GCC_WARN_UNDECLARED_SELECTOR = YES;
				GCC_WARN_UNINITIALIZED_AUTOS = YES_AGGRESSIVE;
				GCC_WARN_UNUSED_FUNCTION = YES;
				GCC_WARN_UNUSED_VARIABLE = YES;
				IPHONEOS_DEPLOYMENT_TARGET = 8.4;
				MTL_ENABLE_DEBUG_INFO = NO;
				SDKROOT = iphoneos;
				VALIDATE_PRODUCT = YES;
			};
			name = Release;
		};
		F0822F2D1B7F60070090BC97 /* Debug */ = {
			isa = XCBuildConfiguration;
			baseConfigurationReference = D8C919CC6BCC8BB3FD995CCC /* Pods.debug.xcconfig */;
			buildSettings = {
				ASSETCATALOG_COMPILER_APPICON_NAME = AppIcon;
				ASSETCATALOG_COMPILER_LAUNCHIMAGE_NAME = LaunchImage;
				GCC_PRECOMPILE_PREFIX_HEADER = YES;
				GCC_PREFIX_HEADER = "百思不得姐/classes/Other-其他/PrefixHeader.pch";
				INFOPLIST_FILE = "百思不得姐/Info.plist";
				LD_RUNPATH_SEARCH_PATHS = "$(inherited) @executable_path/Frameworks";
				PRODUCT_NAME = "$(TARGET_NAME)";
			};
			name = Debug;
		};
		F0822F2E1B7F60070090BC97 /* Release */ = {
			isa = XCBuildConfiguration;
			baseConfigurationReference = 49F3BBC0ABBD0257DD079816 /* Pods.release.xcconfig */;
			buildSettings = {
				ASSETCATALOG_COMPILER_APPICON_NAME = AppIcon;
				ASSETCATALOG_COMPILER_LAUNCHIMAGE_NAME = LaunchImage;
				GCC_PRECOMPILE_PREFIX_HEADER = YES;
				GCC_PREFIX_HEADER = "百思不得姐/classes/Other-其他/PrefixHeader.pch";
				INFOPLIST_FILE = "百思不得姐/Info.plist";
				LD_RUNPATH_SEARCH_PATHS = "$(inherited) @executable_path/Frameworks";
				PRODUCT_NAME = "$(TARGET_NAME)";
			};
			name = Release;
		};
		F0822F301B7F60070090BC97 /* Debug */ = {
			isa = XCBuildConfiguration;
			buildSettings = {
				BUNDLE_LOADER = "$(TEST_HOST)";
				FRAMEWORK_SEARCH_PATHS = (
					"$(SDKROOT)/Developer/Library/Frameworks",
					"$(inherited)",
				);
				GCC_PREPROCESSOR_DEFINITIONS = (
					"DEBUG=1",
					"$(inherited)",
				);
				INFOPLIST_FILE = "百思不得姐Tests/Info.plist";
				LD_RUNPATH_SEARCH_PATHS = "$(inherited) @executable_path/Frameworks @loader_path/Frameworks";
				PRODUCT_NAME = "$(TARGET_NAME)";
				TEST_HOST = "$(BUILT_PRODUCTS_DIR)/百思不得姐.app/百思不得姐";
			};
			name = Debug;
		};
		F0822F311B7F60070090BC97 /* Release */ = {
			isa = XCBuildConfiguration;
			buildSettings = {
				BUNDLE_LOADER = "$(TEST_HOST)";
				FRAMEWORK_SEARCH_PATHS = (
					"$(SDKROOT)/Developer/Library/Frameworks",
					"$(inherited)",
				);
				INFOPLIST_FILE = "百思不得姐Tests/Info.plist";
				LD_RUNPATH_SEARCH_PATHS = "$(inherited) @executable_path/Frameworks @loader_path/Frameworks";
				PRODUCT_NAME = "$(TARGET_NAME)";
				TEST_HOST = "$(BUILT_PRODUCTS_DIR)/百思不得姐.app/百思不得姐";
			};
			name = Release;
		};
/* End XCBuildConfiguration section */

/* Begin XCConfigurationList section */
		F0822F041B7F60070090BC97 /* Build configuration list for PBXProject "百思不得姐" */ = {
			isa = XCConfigurationList;
			buildConfigurations = (
				F0822F2A1B7F60070090BC97 /* Debug */,
				F0822F2B1B7F60070090BC97 /* Release */,
			);
			defaultConfigurationIsVisible = 0;
			defaultConfigurationName = Release;
		};
		F0822F2C1B7F60070090BC97 /* Build configuration list for PBXNativeTarget "百思不得姐" */ = {
			isa = XCConfigurationList;
			buildConfigurations = (
				F0822F2D1B7F60070090BC97 /* Debug */,
				F0822F2E1B7F60070090BC97 /* Release */,
			);
			defaultConfigurationIsVisible = 0;
			defaultConfigurationName = Release;
		};
		F0822F2F1B7F60070090BC97 /* Build configuration list for PBXNativeTarget "百思不得姐Tests" */ = {
			isa = XCConfigurationList;
			buildConfigurations = (
				F0822F301B7F60070090BC97 /* Debug */,
				F0822F311B7F60070090BC97 /* Release */,
			);
			defaultConfigurationIsVisible = 0;
			defaultConfigurationName = Release;
		};
/* End XCConfigurationList section */
	};
	rootObject = F0822F011B7F60070090BC97 /* Project object */;
}
